
Microsoft Visual Studio Solution File, Format Version 12.00
# Visual Studio 2010
Project("{FAE04EC0-301F-11D3-BF4B-00C04F79EFBC}") = "Common", "Common\Common.csproj", "{2BE2B928-B692-44AB-A90B-38BB8154BBA0}"
EndProject
Project("{2150E333-8FDC-42A3-9474-1A3956D46DE8}") = "Solution Items", "Solution Items", "{9EC3E8E8-238F-433B-BD1B-A9C92A42BD7A}"
	ProjectSection(SolutionItems) = preProject
		PublicationProcedure.txt = PublicationProcedure.txt
	EndProjectSection
EndProject
Project("{2150E333-8FDC-42A3-9474-1A3956D46DE8}") = "PredefinedContent", "PredefinedContent", "{FDDF1020-73E6-4236-ACE9-7A470D810549}"
	ProjectSection(SolutionItems) = preProject
		PredefinedContent\All-Purpose.tdom = PredefinedContent\All-Purpose.tdom
		PredefinedContent\Argumentative_Mapping.tdom = PredefinedContent\Argumentative_Mapping.tdom
		PredefinedContent\Business_Model.tdom = PredefinedContent\Business_Model.tdom
		PredefinedContent\Class_diagram.tdom = PredefinedContent\Class_diagram.tdom
		PredefinedContent\Concept_Mapping.tdom = PredefinedContent\Concept_Mapping.tdom
		PredefinedContent\Data_Model.tdom = PredefinedContent\Data_Model.tdom
		PredefinedContent\Fast-Food_Cuisine.tdom = PredefinedContent\Fast-Food_Cuisine.tdom
		PredefinedContent\Flowchart.tdom = PredefinedContent\Flowchart.tdom
		PredefinedContent\Genealogy_Tree.tdom = PredefinedContent\Genealogy_Tree.tdom
		PredefinedContent\Influence_Diagram.tdom = PredefinedContent\Influence_Diagram.tdom
		PredefinedContent\Mind_Mapping.tdom = PredefinedContent\Mind_Mapping.tdom
		PredefinedContent\Organizational_Chart.tdom = PredefinedContent\Organizational_Chart.tdom
		PredefinedContent\Sequence_diagram.tdom = PredefinedContent\Sequence_diagram.tdom
		PredefinedContent\TimeLine.tdom = PredefinedContent\TimeLine.tdom
		PredefinedContent\Use_Case_diagram.tdom = PredefinedContent\Use_Case_diagram.tdom
		PredefinedContent\Web_Environment.tdom = PredefinedContent\Web_Environment.tdom
	EndProjectSection
EndProject
Project("{2150E333-8FDC-42A3-9474-1A3956D46DE8}") = "ThinkComposer.Uno", "ThinkComposer.Uno", "{951CB708-028A-9521-AFE8-11AE5EAA4C06}"
EndProject
Project("{FAE04EC0-301F-11D3-BF4B-00C04F79EFBC}") = "Instrumind.ThinkComposer", "ThinkComposer.Uno\Instrumind.ThinkComposer\Instrumind.ThinkComposer.csproj", "{A3AEECE3-45C1-476E-8ABF-CCDB8C577824}"
EndProject
Global
	GlobalSection(SolutionConfigurationPlatforms) = preSolution
		CD_ROM|Any CPU = CD_ROM|Any CPU
		CD_ROM|Mixed Platforms = CD_ROM|Mixed Platforms
		CD_ROM|x86 = CD_ROM|x86
		CD_ROM|x64 = CD_ROM|x64
		Debug|Any CPU = Debug|Any CPU
		Debug|Mixed Platforms = Debug|Mixed Platforms
		Debug|x86 = Debug|x86
		Debug|x64 = Debug|x64
		DVD-5|Any CPU = DVD-5|Any CPU
		DVD-5|Mixed Platforms = DVD-5|Mixed Platforms
		DVD-5|x86 = DVD-5|x86
		DVD-5|x64 = DVD-5|x64
		Release|Any CPU = Release|Any CPU
		Release|Mixed Platforms = Release|Mixed Platforms
		Release|x86 = Release|x86
		Release|x64 = Release|x64
		SingleImage|Any CPU = SingleImage|Any CPU
		SingleImage|Mixed Platforms = SingleImage|Mixed Platforms
		SingleImage|x86 = SingleImage|x86
		SingleImage|x64 = SingleImage|x64
	EndGlobalSection
	GlobalSection(ProjectConfigurationPlatforms) = postSolution
		{2BE2B928-B692-44AB-A90B-38BB8154BBA0}.CD_ROM|Any CPU.ActiveCfg = CD_ROM|Any CPU
		{2BE2B928-B692-44AB-A90B-38BB8154BBA0}.CD_ROM|Mixed Platforms.ActiveCfg = CD_ROM|Any CPU
		{2BE2B928-B692-44AB-A90B-38BB8154BBA0}.CD_ROM|Mixed Platforms.Build.0 = CD_ROM|Any CPU
		{2BE2B928-B692-44AB-A90B-38BB8154BBA0}.CD_ROM|x86.ActiveCfg = CD_ROM|Any CPU
		{2BE2B928-B692-44AB-A90B-38BB8154BBA0}.CD_ROM|x86.Build.0 = CD_ROM|Any CPU
		{2BE2B928-B692-44AB-A90B-38BB8154BBA0}.CD_ROM|x64.ActiveCfg = CD_ROM|Any CPU
		{2BE2B928-B692-44AB-A90B-38BB8154BBA0}.CD_ROM|x64.Build.0 = CD_ROM|Any CPU
		{2BE2B928-B692-44AB-A90B-38BB8154BBA0}.Debug|Any CPU.ActiveCfg = Debug|Any CPU
		{2BE2B928-B692-44AB-A90B-38BB8154BBA0}.Debug|Mixed Platforms.ActiveCfg = Debug|Any CPU
		{2BE2B928-B692-44AB-A90B-38BB8154BBA0}.Debug|Mixed Platforms.Build.0 = Debug|Any CPU
		{2BE2B928-B692-44AB-A90B-38BB8154BBA0}.Debug|x86.ActiveCfg = Debug|Any CPU
		{2BE2B928-B692-44AB-A90B-38BB8154BBA0}.Debug|x86.Build.0 = Debug|Any CPU
		{2BE2B928-B692-44AB-A90B-38BB8154BBA0}.Debug|x64.ActiveCfg = Debug|Any CPU
		{2BE2B928-B692-44AB-A90B-38BB8154BBA0}.Debug|x64.Build.0 = Debug|Any CPU
		{2BE2B928-B692-44AB-A90B-38BB8154BBA0}.DVD-5|Any CPU.ActiveCfg = DVD-5|Any CPU
		{2BE2B928-B692-44AB-A90B-38BB8154BBA0}.DVD-5|Mixed Platforms.ActiveCfg = DVD-5|Any CPU
		{2BE2B928-B692-44AB-A90B-38BB8154BBA0}.DVD-5|Mixed Platforms.Build.0 = DVD-5|Any CPU
		{2BE2B928-B692-44AB-A90B-38BB8154BBA0}.DVD-5|x86.ActiveCfg = DVD-5|Any CPU
		{2BE2B928-B692-44AB-A90B-38BB8154BBA0}.DVD-5|x86.Build.0 = DVD-5|Any CPU
		{2BE2B928-B692-44AB-A90B-38BB8154BBA0}.DVD-5|x64.ActiveCfg = DVD-5|Any CPU
		{2BE2B928-B692-44AB-A90B-38BB8154BBA0}.DVD-5|x64.Build.0 = DVD-5|Any CPU
		{2BE2B928-B692-44AB-A90B-38BB8154BBA0}.Release|Any CPU.ActiveCfg = Release|Any CPU
		{2BE2B928-B692-44AB-A90B-38BB8154BBA0}.Release|Mixed Platforms.ActiveCfg = Release|Any CPU
		{2BE2B928-B692-44AB-A90B-38BB8154BBA0}.Release|Mixed Platforms.Build.0 = Release|Any CPU
		{2BE2B928-B692-44AB-A90B-38BB8154BBA0}.Release|x86.ActiveCfg = Release|Any CPU
		{2BE2B928-B692-44AB-A90B-38BB8154BBA0}.Release|x86.Build.0 = Release|Any CPU
		{2BE2B928-B692-44AB-A90B-38BB8154BBA0}.Release|x64.ActiveCfg = Release|Any CPU
		{2BE2B928-B692-44AB-A90B-38BB8154BBA0}.Release|x64.Build.0 = Release|Any CPU
		{2BE2B928-B692-44AB-A90B-38BB8154BBA0}.SingleImage|Any CPU.ActiveCfg = SingleImage|Any CPU
		{2BE2B928-B692-44AB-A90B-38BB8154BBA0}.SingleImage|Mixed Platforms.ActiveCfg = SingleImage|Any CPU
		{2BE2B928-B692-44AB-A90B-38BB8154BBA0}.SingleImage|Mixed Platforms.Build.0 = SingleImage|Any CPU
		{2BE2B928-B692-44AB-A90B-38BB8154BBA0}.SingleImage|x86.ActiveCfg = SingleImage|Any CPU
		{2BE2B928-B692-44AB-A90B-38BB8154BBA0}.SingleImage|x86.Build.0 = SingleImage|Any CPU
		{2BE2B928-B692-44AB-A90B-38BB8154BBA0}.SingleImage|x64.ActiveCfg = SingleImage|Any CPU
		{2BE2B928-B692-44AB-A90B-38BB8154BBA0}.SingleImage|x64.Build.0 = SingleImage|Any CPU
		{A3AEECE3-45C1-476E-8ABF-CCDB8C577824}.CD_ROM|Any CPU.ActiveCfg = Debug|Any CPU
		{A3AEECE3-45C1-476E-8ABF-CCDB8C577824}.CD_ROM|Any CPU.Build.0 = Debug|Any CPU
		{A3AEECE3-45C1-476E-8ABF-CCDB8C577824}.CD_ROM|Mixed Platforms.ActiveCfg = Debug|Any CPU
		{A3AEECE3-45C1-476E-8ABF-CCDB8C577824}.CD_ROM|Mixed Platforms.Build.0 = Debug|Any CPU
		{A3AEECE3-45C1-476E-8ABF-CCDB8C577824}.CD_ROM|x86.ActiveCfg = Debug|Any CPU
		{A3AEECE3-45C1-476E-8ABF-CCDB8C577824}.CD_ROM|x86.Build.0 = Debug|Any CPU
		{A3AEECE3-45C1-476E-8ABF-CCDB8C577824}.CD_ROM|x64.ActiveCfg = Debug|Any CPU
		{A3AEECE3-45C1-476E-8ABF-CCDB8C577824}.CD_ROM|x64.Build.0 = Debug|Any CPU
		{A3AEECE3-45C1-476E-8ABF-CCDB8C577824}.Debug|Any CPU.ActiveCfg = Debug|Any CPU
		{A3AEECE3-45C1-476E-8ABF-CCDB8C577824}.Debug|Any CPU.Build.0 = Debug|Any CPU
		{A3AEECE3-45C1-476E-8ABF-CCDB8C577824}.Debug|Mixed Platforms.ActiveCfg = Debug|Any CPU
		{A3AEECE3-45C1-476E-8ABF-CCDB8C577824}.Debug|Mixed Platforms.Build.0 = Debug|Any CPU
		{A3AEECE3-45C1-476E-8ABF-CCDB8C577824}.Debug|x86.ActiveCfg = Debug|Any CPU
		{A3AEECE3-45C1-476E-8ABF-CCDB8C577824}.Debug|x86.Build.0 = Debug|Any CPU
		{A3AEECE3-45C1-476E-8ABF-CCDB8C577824}.Debug|x64.ActiveCfg = Debug|Any CPU
		{A3AEECE3-45C1-476E-8ABF-CCDB8C577824}.Debug|x64.Build.0 = Debug|Any CPU
		{A3AEECE3-45C1-476E-8ABF-CCDB8C577824}.DVD-5|Any CPU.ActiveCfg = Debug|Any CPU
		{A3AEECE3-45C1-476E-8ABF-CCDB8C577824}.DVD-5|Any CPU.Build.0 = Debug|Any CPU
		{A3AEECE3-45C1-476E-8ABF-CCDB8C577824}.DVD-5|Mixed Platforms.ActiveCfg = Debug|Any CPU
		{A3AEECE3-45C1-476E-8ABF-CCDB8C577824}.DVD-5|Mixed Platforms.Build.0 = Debug|Any CPU
		{A3AEECE3-45C1-476E-8ABF-CCDB8C577824}.DVD-5|x86.ActiveCfg = Debug|Any CPU
		{A3AEECE3-45C1-476E-8ABF-CCDB8C577824}.DVD-5|x86.Build.0 = Debug|Any CPU
		{A3AEECE3-45C1-476E-8ABF-CCDB8C577824}.DVD-5|x64.ActiveCfg = Debug|Any CPU
		{A3AEECE3-45C1-476E-8ABF-CCDB8C577824}.DVD-5|x64.Build.0 = Debug|Any CPU
		{A3AEECE3-45C1-476E-8ABF-CCDB8C577824}.Release|Any CPU.ActiveCfg = Release|Any CPU
		{A3AEECE3-45C1-476E-8ABF-CCDB8C577824}.Release|Any CPU.Build.0 = Release|Any CPU
		{A3AEECE3-45C1-476E-8ABF-CCDB8C577824}.Release|Mixed Platforms.ActiveCfg = Release|Any CPU
		{A3AEECE3-45C1-476E-8ABF-CCDB8C577824}.Release|Mixed Platforms.Build.0 = Release|Any CPU
		{A3AEECE3-45C1-476E-8ABF-CCDB8C577824}.Release|x86.ActiveCfg = Release|Any CPU
		{A3AEECE3-45C1-476E-8ABF-CCDB8C577824}.Release|x86.Build.0 = Release|Any CPU
		{A3AEECE3-45C1-476E-8ABF-CCDB8C577824}.Release|x64.ActiveCfg = Release|Any CPU
		{A3AEECE3-45C1-476E-8ABF-CCDB8C577824}.Release|x64.Build.0 = Release|Any CPU
		{A3AEECE3-45C1-476E-8ABF-CCDB8C577824}.SingleImage|Any CPU.ActiveCfg = Debug|Any CPU
		{A3AEECE3-45C1-476E-8ABF-CCDB8C577824}.SingleImage|Any CPU.Build.0 = Debug|Any CPU
		{A3AEECE3-45C1-476E-8ABF-CCDB8C577824}.SingleImage|Mixed Platforms.ActiveCfg = Debug|Any CPU
		{A3AEECE3-45C1-476E-8ABF-CCDB8C577824}.SingleImage|Mixed Platforms.Build.0 = Debug|Any CPU
		{A3AEECE3-45C1-476E-8ABF-CCDB8C577824}.SingleImage|x86.ActiveCfg = Debug|Any CPU
		{A3AEECE3-45C1-476E-8ABF-CCDB8C577824}.SingleImage|x86.Build.0 = Debug|Any CPU
		{A3AEECE3-45C1-476E-8ABF-CCDB8C577824}.SingleImage|x64.ActiveCfg = Debug|Any CPU
		{A3AEECE3-45C1-476E-8ABF-CCDB8C577824}.SingleImage|x64.Build.0 = Debug|Any CPU
	EndGlobalSection
	GlobalSection(SolutionProperties) = preSolution
		HideSolutionNode = FALSE
	EndGlobalSection
	GlobalSection(NestedProjects) = preSolution
		{A3AEECE3-45C1-476E-8ABF-CCDB8C577824} = {951CB708-028A-9521-AFE8-11AE5EAA4C06}
	EndGlobalSection
EndGlobal
